Microsoft Visual Studio Solution File, Format Version 8.00
Project("{8BC9CEB8-8B4A-11D0-8D11-00A0C91BC942}") = "CADll", "CADll.vcproj", "{0AB06E02-A554-450B-B458-CE0FD1C3A320}"
	ProjectSection(ProjectDependencies) = postProject
	EndProjectSection
EndProject
Global
	GlobalSection(SolutionConfiguration) = preSolution
		Debug = Debug
		Release = Release
	EndGlobalSection
	GlobalSection(ProjectConfiguration) = postSolution
		{0AB06E02-A554-450B-B458-CE0FD1C3A320}.Debug.ActiveCfg = Debug|Win32
		{0AB06E02-A554-450B-B458-CE0FD1C3A320}.Debug.Build.0 = Debug|Win32
		{0AB06E02-A554-450B-B458-CE0FD1C3A320}.Release.ActiveCfg = Release|Win32
		{0AB06E02-A554-450B-B458-CE0FD1C3A320}.Release.Build.0 = Release|Win32
	EndGlobalSection
	GlobalSection(ExtensibilityGlobals) = postSolution
	EndGlobalSection
	GlobalSection(ExtensibilityAddIns) = postSolution
	EndGlobalSection
EndGlobal
